
Microsoft Visual Studio Solution File, Format Version 12.00
# Visual Studio Version 17
VisualStudioVersion = 17.9.34622.214
MinimumVisualStudioVersion = 10.0.40219.1
Project("{2150E333-8FDC-42A3-9474-1A3956D46DE8}") = "Src", "Src", "{42897BB0-2B22-4528-89FA-EA7092F3F2D3}"
EndProject
Project("{2150E333-8FDC-42A3-9474-1A3956D46DE8}") = "ApiGateway", "ApiGateway", "{2B463632-7DD6-47AE-A2BD-DE13DD9EDB50}"
EndProject
Project("{2150E333-8FDC-42A3-9474-1A3956D46DE8}") = "Services", "Services", "{D440E847-2055-4FA5-AF85-D66EFCE806E8}"
EndProject
Project("{2150E333-8FDC-42A3-9474-1A3956D46DE8}") = "WebApp", "WebApp", "{F3AA154B-A39F-4B9C-92CF-3772526E5466}"
EndProject
Project("{2150E333-8FDC-42A3-9474-1A3956D46DE8}") = "Products", "Products", "{AF6A9EC1-D20C-46B3-93B9-FB9C3E5B8390}"
EndProject
Project("{9A19103F-16F7-4668-BE54-9A1E7A4F7556}") = "ESourcing.Products", "Services\Products\ESourcing.Products\ESourcing.Products.csproj", "{1BE0C5C4-B590-4699-9FC7-D671DE879A20}"
EndProject
Project("{2150E333-8FDC-42A3-9474-1A3956D46DE8}") = "Common", "Common", "{A4B1AC4A-DC36-486E-BBF7-D8D7272BFE0B}"
EndProject
Project("{2150E333-8FDC-42A3-9474-1A3956D46DE8}") = "Order", "Order", "{C368B869-5421-4302-A4C0-8DC81731FE7A}"
EndProject
Project("{2150E333-8FDC-42A3-9474-1A3956D46DE8}") = "Sourcing", "Sourcing", "{0DF5DEB4-3711-4F19-8929-E0686704B90B}"
EndProject
Project("{E53339B2-1760-4266-BCC7-CA923CBCF16C}") = "docker-compose", "docker-compose.dcproj", "{C08B4D3F-2A33-4CCF-93C1-2F74436ECABD}"
EndProject
Project("{9A19103F-16F7-4668-BE54-9A1E7A4F7556}") = "ESourcing.Sourcing", "Services\Sourcing\ESourcing.Sourcing\ESourcing.Sourcing.csproj", "{287E1554-3A7A-4D5E-AAE3-133FA7378161}"
EndProject
Project("{9A19103F-16F7-4668-BE54-9A1E7A4F7556}") = "EventBusRabbitMQ", "Services\Common\EventBusRabbitMQ\EventBusRabbitMQ.csproj", "{2DC7307D-DF03-4570-B40B-630F7DABA150}"
EndProject
Project("{9A19103F-16F7-4668-BE54-9A1E7A4F7556}") = "ESourcing.Order", "Services\Order\ESourcing.Order\ESourcing.Order.csproj", "{D3D8DE03-E8A1-4914-ACD6-A6ECE493BBFC}"
EndProject
Project("{9A19103F-16F7-4668-BE54-9A1E7A4F7556}") = "Ordering.Domain", "Services\Order\Ordering.Domain\Ordering.Domain.csproj", "{4FC0FEFA-93C3-4A02-BC30-EE8D5F18CF20}"
EndProject
Project("{9A19103F-16F7-4668-BE54-9A1E7A4F7556}") = "Ordering.Application", "Services\Order\Ordering.Application\Ordering.Application.csproj", "{C1FB2396-12EA-4929-BA83-A552A0D00E12}"
EndProject
Project("{9A19103F-16F7-4668-BE54-9A1E7A4F7556}") = "Ordering.Infrastructure", "Services\Order\Ordering.Infrastructure\Ordering.Infrastructure.csproj", "{C70B4CF8-2E62-4094-82BE-1D6D30A30B82}"
EndProject
Project("{FAE04EC0-301F-11D3-BF4B-00C04F79EFBC}") = "ESourcing.APIGateway", "Services\APIGateway\ESourcing.APIGateway\ESourcing.APIGateway.csproj", "{971813DD-5E91-4C4F-B6E5-E35D497857A9}"
EndProject
Global
	GlobalSection(SolutionConfigurationPlatforms) = preSolution
		Debug|Any CPU = Debug|Any CPU
		Release|Any CPU = Release|Any CPU
	EndGlobalSection
	GlobalSection(ProjectConfigurationPlatforms) = postSolution
		{1BE0C5C4-B590-4699-9FC7-D671DE879A20}.Debug|Any CPU.ActiveCfg = Debug|Any CPU
		{1BE0C5C4-B590-4699-9FC7-D671DE879A20}.Debug|Any CPU.Build.0 = Debug|Any CPU
		{1BE0C5C4-B590-4699-9FC7-D671DE879A20}.Release|Any CPU.ActiveCfg = Release|Any CPU
		{1BE0C5C4-B590-4699-9FC7-D671DE879A20}.Release|Any CPU.Build.0 = Release|Any CPU
		{C08B4D3F-2A33-4CCF-93C1-2F74436ECABD}.Debug|Any CPU.ActiveCfg = Debug|Any CPU
		{C08B4D3F-2A33-4CCF-93C1-2F74436ECABD}.Debug|Any CPU.Build.0 = Debug|Any CPU
		{C08B4D3F-2A33-4CCF-93C1-2F74436ECABD}.Release|Any CPU.ActiveCfg = Release|Any CPU
		{C08B4D3F-2A33-4CCF-93C1-2F74436ECABD}.Release|Any CPU.Build.0 = Release|Any CPU
		{287E1554-3A7A-4D5E-AAE3-133FA7378161}.Debug|Any CPU.ActiveCfg = Debug|Any CPU
		{287E1554-3A7A-4D5E-AAE3-133FA7378161}.Debug|Any CPU.Build.0 = Debug|Any CPU
		{287E1554-3A7A-4D5E-AAE3-133FA7378161}.Release|Any CPU.ActiveCfg = Release|Any CPU
		{287E1554-3A7A-4D5E-AAE3-133FA7378161}.Release|Any CPU.Build.0 = Release|Any CPU
		{2DC7307D-DF03-4570-B40B-630F7DABA150}.Debug|Any CPU.ActiveCfg = Debug|Any CPU
		{2DC7307D-DF03-4570-B40B-630F7DABA150}.Debug|Any CPU.Build.0 = Debug|Any CPU
		{2DC7307D-DF03-4570-B40B-630F7DABA150}.Release|Any CPU.ActiveCfg = Release|Any CPU
		{2DC7307D-DF03-4570-B40B-630F7DABA150}.Release|Any CPU.Build.0 = Release|Any CPU
		{D3D8DE03-E8A1-4914-ACD6-A6ECE493BBFC}.Debug|Any CPU.ActiveCfg = Debug|Any CPU
		{D3D8DE03-E8A1-4914-ACD6-A6ECE493BBFC}.Debug|Any CPU.Build.0 = Debug|Any CPU
		{D3D8DE03-E8A1-4914-ACD6-A6ECE493BBFC}.Release|Any CPU.ActiveCfg = Release|Any CPU
		{D3D8DE03-E8A1-4914-ACD6-A6ECE493BBFC}.Release|Any CPU.Build.0 = Release|Any CPU
		{4FC0FEFA-93C3-4A02-BC30-EE8D5F18CF20}.Debug|Any CPU.ActiveCfg = Debug|Any CPU
		{4FC0FEFA-93C3-4A02-BC30-EE8D5F18CF20}.Debug|Any CPU.Build.0 = Debug|Any CPU
		{4FC0FEFA-93C3-4A02-BC30-EE8D5F18CF20}.Release|Any CPU.ActiveCfg = Release|Any CPU
		{4FC0FEFA-93C3-4A02-BC30-EE8D5F18CF20}.Release|Any CPU.Build.0 = Release|Any CPU
		{C1FB2396-12EA-4929-BA83-A552A0D00E12}.Debug|Any CPU.ActiveCfg = Debug|Any CPU
		{C1FB2396-12EA-4929-BA83-A552A0D00E12}.Debug|Any CPU.Build.0 = Debug|Any CPU
		{C1FB2396-12EA-4929-BA83-A552A0D00E12}.Release|Any CPU.ActiveCfg = Release|Any CPU
		{C1FB2396-12EA-4929-BA83-A552A0D00E12}.Release|Any CPU.Build.0 = Release|Any CPU
		{C70B4CF8-2E62-4094-82BE-1D6D30A30B82}.Debug|Any CPU.ActiveCfg = Debug|Any CPU
		{C70B4CF8-2E62-4094-82BE-1D6D30A30B82}.Debug|Any CPU.Build.0 = Debug|Any CPU
		{C70B4CF8-2E62-4094-82BE-1D6D30A30B82}.Release|Any CPU.ActiveCfg = Release|Any CPU
		{C70B4CF8-2E62-4094-82BE-1D6D30A30B82}.Release|Any CPU.Build.0 = Release|Any CPU
		{971813DD-5E91-4C4F-B6E5-E35D497857A9}.Debug|Any CPU.ActiveCfg = Debug|Any CPU
		{971813DD-5E91-4C4F-B6E5-E35D497857A9}.Debug|Any CPU.Build.0 = Debug|Any CPU
		{971813DD-5E91-4C4F-B6E5-E35D497857A9}.Release|Any CPU.ActiveCfg = Release|Any CPU
		{971813DD-5E91-4C4F-B6E5-E35D497857A9}.Release|Any CPU.Build.0 = Release|Any CPU
	EndGlobalSection
	GlobalSection(SolutionProperties) = preSolution
		HideSolutionNode = FALSE
	EndGlobalSection
	GlobalSection(NestedProjects) = preSolution
		{2B463632-7DD6-47AE-A2BD-DE13DD9EDB50} = {42897BB0-2B22-4528-89FA-EA7092F3F2D3}
		{D440E847-2055-4FA5-AF85-D66EFCE806E8} = {42897BB0-2B22-4528-89FA-EA7092F3F2D3}
		{F3AA154B-A39F-4B9C-92CF-3772526E5466} = {42897BB0-2B22-4528-89FA-EA7092F3F2D3}
		{AF6A9EC1-D20C-46B3-93B9-FB9C3E5B8390} = {D440E847-2055-4FA5-AF85-D66EFCE806E8}
		{1BE0C5C4-B590-4699-9FC7-D671DE879A20} = {AF6A9EC1-D20C-46B3-93B9-FB9C3E5B8390}
		{A4B1AC4A-DC36-486E-BBF7-D8D7272BFE0B} = {D440E847-2055-4FA5-AF85-D66EFCE806E8}
		{C368B869-5421-4302-A4C0-8DC81731FE7A} = {D440E847-2055-4FA5-AF85-D66EFCE806E8}
		{0DF5DEB4-3711-4F19-8929-E0686704B90B} = {D440E847-2055-4FA5-AF85-D66EFCE806E8}
		{287E1554-3A7A-4D5E-AAE3-133FA7378161} = {0DF5DEB4-3711-4F19-8929-E0686704B90B}
		{2DC7307D-DF03-4570-B40B-630F7DABA150} = {A4B1AC4A-DC36-486E-BBF7-D8D7272BFE0B}
		{D3D8DE03-E8A1-4914-ACD6-A6ECE493BBFC} = {C368B869-5421-4302-A4C0-8DC81731FE7A}
		{4FC0FEFA-93C3-4A02-BC30-EE8D5F18CF20} = {C368B869-5421-4302-A4C0-8DC81731FE7A}
		{C1FB2396-12EA-4929-BA83-A552A0D00E12} = {C368B869-5421-4302-A4C0-8DC81731FE7A}
		{C70B4CF8-2E62-4094-82BE-1D6D30A30B82} = {C368B869-5421-4302-A4C0-8DC81731FE7A}
		{971813DD-5E91-4C4F-B6E5-E35D497857A9} = {2B463632-7DD6-47AE-A2BD-DE13DD9EDB50}
	EndGlobalSection
	GlobalSection(ExtensibilityGlobals) = postSolution
		SolutionGuid = {7B599B57-4ADE-4ED9-8746-59B189861213}
	EndGlobalSection
EndGlobal
