
Microsoft Visual Studio Solution File, Format Version 12.00
# Visual Studio Version 17
VisualStudioVersion = 17.9.34622.214
MinimumVisualStudioVersion = 10.0.40219.1
Project("{2150E333-8FDC-42A3-9474-1A3956D46DE8}") = "Src", "Src", "{42897BB0-2B22-4528-89FA-EA7092F3F2D3}"
EndProject
Project("{2150E333-8FDC-42A3-9474-1A3956D46DE8}") = "ApiGateway", "ApiGateway", "{2B463632-7DD6-47AE-A2BD-DE13DD9EDB50}"
EndProject
Project("{2150E333-8FDC-42A3-9474-1A3956D46DE8}") = "Services", "Services", "{D440E847-2055-4FA5-AF85-D66EFCE806E8}"
EndProject
Project("{2150E333-8FDC-42A3-9474-1A3956D46DE8}") = "WebApp", "WebApp", "{F3AA154B-A39F-4B9C-92CF-3772526E5466}"
EndProject
Project("{2150E333-8FDC-42A3-9474-1A3956D46DE8}") = "Products", "Products", "{AF6A9EC1-D20C-46B3-93B9-FB9C3E5B8390}"
EndProject
Project("{FAE04EC0-301F-11D3-BF4B-00C04F79EFBC}") = "ESourcing.Products", "Services\Products\ESourcing.Products\ESourcing.Products.csproj", "{1BE0C5C4-B590-4699-9FC7-D671DE879A20}"
EndProject
Project("{2150E333-8FDC-42A3-9474-1A3956D46DE8}") = "Common", "Common", "{A4B1AC4A-DC36-486E-BBF7-D8D7272BFE0B}"
EndProject
Project("{2150E333-8FDC-42A3-9474-1A3956D46DE8}") = "Order", "Order", "{C368B869-5421-4302-A4C0-8DC81731FE7A}"
EndProject
Project("{2150E333-8FDC-42A3-9474-1A3956D46DE8}") = "Sourcing", "Sourcing", "{0DF5DEB4-3711-4F19-8929-E0686704B90B}"
EndProject
Global
	GlobalSection(SolutionConfigurationPlatforms) = preSolution
		Debug|Any CPU = Debug|Any CPU
		Release|Any CPU = Release|Any CPU
	EndGlobalSection
	GlobalSection(ProjectConfigurationPlatforms) = postSolution
		{1BE0C5C4-B590-4699-9FC7-D671DE879A20}.Debug|Any CPU.ActiveCfg = Debug|Any CPU
		{1BE0C5C4-B590-4699-9FC7-D671DE879A20}.Debug|Any CPU.Build.0 = Debug|Any CPU
		{1BE0C5C4-B590-4699-9FC7-D671DE879A20}.Release|Any CPU.ActiveCfg = Release|Any CPU
		{1BE0C5C4-B590-4699-9FC7-D671DE879A20}.Release|Any CPU.Build.0 = Release|Any CPU
	EndGlobalSection
	GlobalSection(SolutionProperties) = preSolution
		HideSolutionNode = FALSE
	EndGlobalSection
	GlobalSection(NestedProjects) = preSolution
		{2B463632-7DD6-47AE-A2BD-DE13DD9EDB50} = {42897BB0-2B22-4528-89FA-EA7092F3F2D3}
		{D440E847-2055-4FA5-AF85-D66EFCE806E8} = {42897BB0-2B22-4528-89FA-EA7092F3F2D3}
		{F3AA154B-A39F-4B9C-92CF-3772526E5466} = {42897BB0-2B22-4528-89FA-EA7092F3F2D3}
		{AF6A9EC1-D20C-46B3-93B9-FB9C3E5B8390} = {D440E847-2055-4FA5-AF85-D66EFCE806E8}
		{1BE0C5C4-B590-4699-9FC7-D671DE879A20} = {AF6A9EC1-D20C-46B3-93B9-FB9C3E5B8390}
		{A4B1AC4A-DC36-486E-BBF7-D8D7272BFE0B} = {D440E847-2055-4FA5-AF85-D66EFCE806E8}
		{C368B869-5421-4302-A4C0-8DC81731FE7A} = {D440E847-2055-4FA5-AF85-D66EFCE806E8}
		{0DF5DEB4-3711-4F19-8929-E0686704B90B} = {D440E847-2055-4FA5-AF85-D66EFCE806E8}
	EndGlobalSection
	GlobalSection(ExtensibilityGlobals) = postSolution
		SolutionGuid = {7B599B57-4ADE-4ED9-8746-59B189861213}
	EndGlobalSection
EndGlobal
